
Microsoft Visual Studio Solution File, Format Version 12.00
# Visual Studio 15
VisualStudioVersion = 15.0.28307.779
MinimumVisualStudioVersion = 10.0.40219.1
Project("{FAE04EC0-301F-11D3-BF4B-00C04F79EFBC}") = "InstrumentSelector", "InstrumentSelector\InstrumentSelector.csproj", "{68F6F543-713F-422A-B5DA-283F3DFC41A9}"
EndProject
Project("{FAE04EC0-301F-11D3-BF4B-00C04F79EFBC}") = "InstrumentSelectorTests", "InstrumentSelectorTests\InstrumentSelectorTests.csproj", "{BCF4A0FB-2959-427E-A8EA-4FEDFB4107FB}"
EndProject
Global
	GlobalSection(SolutionConfigurationPlatforms) = preSolution
		Debug|Any CPU = Debug|Any CPU
		Release|Any CPU = Release|Any CPU
	EndGlobalSection
	GlobalSection(ProjectConfigurationPlatforms) = postSolution
		{68F6F543-713F-422A-B5DA-283F3DFC41A9}.Debug|Any CPU.ActiveCfg = Debug|Any CPU
		{68F6F543-713F-422A-B5DA-283F3DFC41A9}.Debug|Any CPU.Build.0 = Debug|Any CPU
		{68F6F543-713F-422A-B5DA-283F3DFC41A9}.Release|Any CPU.ActiveCfg = Release|Any CPU
		{68F6F543-713F-422A-B5DA-283F3DFC41A9}.Release|Any CPU.Build.0 = Release|Any CPU
		{BCF4A0FB-2959-427E-A8EA-4FEDFB4107FB}.Debug|Any CPU.ActiveCfg = Debug|Any CPU
		{BCF4A0FB-2959-427E-A8EA-4FEDFB4107FB}.Debug|Any CPU.Build.0 = Debug|Any CPU
		{BCF4A0FB-2959-427E-A8EA-4FEDFB4107FB}.Release|Any CPU.ActiveCfg = Release|Any CPU
		{BCF4A0FB-2959-427E-A8EA-4FEDFB4107FB}.Release|Any CPU.Build.0 = Release|Any CPU
	EndGlobalSection
	GlobalSection(SolutionProperties) = preSolution
		HideSolutionNode = FALSE
	EndGlobalSection
	GlobalSection(ExtensibilityGlobals) = postSolution
		SolutionGuid = {CA4EB87F-0619-4C4F-BB8E-634432231C62}
	EndGlobalSection
EndGlobal
